
Microsoft Visual Studio Solution File, Format Version 12.00
# Visual Studio Version 17
VisualStudioVersion = 17.8.34511.84
MinimumVisualStudioVersion = 10.0.40219.1
Project("{9A19103F-16F7-4668-BE54-9A1E7A4F7556}") = "QREventPlatform.Advanced", "QREventPlatform.Advanced.csproj", "{9C9B0726-71AD-4A18-B146-F0CA7F0DF8F2}"
EndProject
Global
	GlobalSection(SolutionConfigurationPlatforms) = preSolution
		Debug|Any CPU = Debug|Any CPU
		Release|Any CPU = Release|Any CPU
	EndGlobalSection
	GlobalSection(ProjectConfigurationPlatforms) = postSolution
		{9C9B0726-71AD-4A18-B146-F0CA7F0DF8F2}.Debug|Any CPU.ActiveCfg = Debug|Any CPU
		{9C9B0726-71AD-4A18-B146-F0CA7F0DF8F2}.Debug|Any CPU.Build.0 = Debug|Any CPU
		{9C9B0726-71AD-4A18-B146-F0CA7F0DF8F2}.Release|Any CPU.ActiveCfg = Release|Any CPU
		{9C9B0726-71AD-4A18-B146-F0CA7F0DF8F2}.Release|Any CPU.Build.0 = Release|Any CPU
	EndGlobalSection
	GlobalSection(SolutionProperties) = preSolution
		HideSolutionNode = FALSE
	EndGlobalSection
	GlobalSection(ExtensibilityGlobals) = postSolution
		SolutionGuid = {92FE0F23-F1D7-4734-AFF9-5136F0174B0A}
	EndGlobalSection
EndGlobal
